{
  "name": "add-in",
  "version": "0.0.0",
  "lockfileVersion": 3,
  "requires": true,
  "packages": {
    "": {
      "name": "add-in",
      "version": "0.0.0",
      "license": "BSD-3-Clause",
      "bin": {
        "add-in": "bin/add-in.js"
      },
      "engines": {
        "node": ">=14.0.0"
      }
    }
  }
}
